
Microsoft Visual Studio Solution File, Format Version 12.00
# Visual Studio Version 16
VisualStudioVersion = 16.0.31515.178
MinimumVisualStudioVersion = 10.0.40219.1
Project("{FAE04EC0-301F-11D3-BF4B-00C04F79EFBC}") = "EmployerSearchHelper", "EmployerSearchHelper\EmployerSearchHelper.csproj", "{0C56BDD7-3814-4F29-91EE-DE6453D3A18C}"
EndProject
Global
	GlobalSection(SolutionConfigurationPlatforms) = preSolution
		Debug|Any CPU = Debug|Any CPU
		Release|Any CPU = Release|Any CPU
	EndGlobalSection
	GlobalSection(ProjectConfigurationPlatforms) = postSolution
		{0C56BDD7-3814-4F29-91EE-DE6453D3A18C}.Debug|Any CPU.ActiveCfg = Debug|Any CPU
		{0C56BDD7-3814-4F29-91EE-DE6453D3A18C}.Debug|Any CPU.Build.0 = Debug|Any CPU
		{0C56BDD7-3814-4F29-91EE-DE6453D3A18C}.Release|Any CPU.ActiveCfg = Release|Any CPU
		{0C56BDD7-3814-4F29-91EE-DE6453D3A18C}.Release|Any CPU.Build.0 = Release|Any CPU
	EndGlobalSection
	GlobalSection(SolutionProperties) = preSolution
		HideSolutionNode = FALSE
	EndGlobalSection
	GlobalSection(ExtensibilityGlobals) = postSolution
		SolutionGuid = {165C51F7-45FB-4E06-8D44-23C805D2106D}
	EndGlobalSection
EndGlobal
